
Microsoft Visual Studio Solution File, Format Version 12.00
# Visual Studio 15
VisualStudioVersion = 15.0.26124.0
MinimumVisualStudioVersion = 15.0.26124.0
Project("{2150E333-8FDC-42A3-9474-1A3956D46DE8}") = "src", "src", "{3D34104C-B19A-4B5C-AB8C-10EFAE5E720F}"
EndProject
Project("{FAE04EC0-301F-11D3-BF4B-00C04F79EFBC}") = "GradeBook", "src\GradeBook\GradeBook.csproj", "{8767BBD6-112B-43C2-88B5-19E2B8216D87}"
EndProject
Project("{2150E333-8FDC-42A3-9474-1A3956D46DE8}") = "test", "test", "{A2C02756-87F4-4BFB-A62C-918AE45E6866}"
EndProject
Project("{FAE04EC0-301F-11D3-BF4B-00C04F79EFBC}") = "GradeBook.Tests", "test\GradeBook.Tests\GradeBook.Tests.csproj", "{870BCA05-69DB-48C2-85A6-F33F418118B3}"
EndProject
Global
	GlobalSection(SolutionConfigurationPlatforms) = preSolution
		Debug|Any CPU = Debug|Any CPU
		Debug|x64 = Debug|x64
		Debug|x86 = Debug|x86
		Release|Any CPU = Release|Any CPU
		Release|x64 = Release|x64
		Release|x86 = Release|x86
	EndGlobalSection
	GlobalSection(SolutionProperties) = preSolution
		HideSolutionNode = FALSE
	EndGlobalSection
	GlobalSection(ProjectConfigurationPlatforms) = postSolution
		{8767BBD6-112B-43C2-88B5-19E2B8216D87}.Debug|Any CPU.ActiveCfg = Debug|Any CPU
		{8767BBD6-112B-43C2-88B5-19E2B8216D87}.Debug|Any CPU.Build.0 = Debug|Any CPU
		{8767BBD6-112B-43C2-88B5-19E2B8216D87}.Debug|x64.ActiveCfg = Debug|Any CPU
		{8767BBD6-112B-43C2-88B5-19E2B8216D87}.Debug|x64.Build.0 = Debug|Any CPU
		{8767BBD6-112B-43C2-88B5-19E2B8216D87}.Debug|x86.ActiveCfg = Debug|Any CPU
		{8767BBD6-112B-43C2-88B5-19E2B8216D87}.Debug|x86.Build.0 = Debug|Any CPU
		{8767BBD6-112B-43C2-88B5-19E2B8216D87}.Release|Any CPU.ActiveCfg = Release|Any CPU
		{8767BBD6-112B-43C2-88B5-19E2B8216D87}.Release|Any CPU.Build.0 = Release|Any CPU
		{8767BBD6-112B-43C2-88B5-19E2B8216D87}.Release|x64.ActiveCfg = Release|Any CPU
		{8767BBD6-112B-43C2-88B5-19E2B8216D87}.Release|x64.Build.0 = Release|Any CPU
		{8767BBD6-112B-43C2-88B5-19E2B8216D87}.Release|x86.ActiveCfg = Release|Any CPU
		{8767BBD6-112B-43C2-88B5-19E2B8216D87}.Release|x86.Build.0 = Release|Any CPU
		{870BCA05-69DB-48C2-85A6-F33F418118B3}.Debug|Any CPU.ActiveCfg = Debug|Any CPU
		{870BCA05-69DB-48C2-85A6-F33F418118B3}.Debug|Any CPU.Build.0 = Debug|Any CPU
		{870BCA05-69DB-48C2-85A6-F33F418118B3}.Debug|x64.ActiveCfg = Debug|Any CPU
		{870BCA05-69DB-48C2-85A6-F33F418118B3}.Debug|x64.Build.0 = Debug|Any CPU
		{870BCA05-69DB-48C2-85A6-F33F418118B3}.Debug|x86.ActiveCfg = Debug|Any CPU
		{870BCA05-69DB-48C2-85A6-F33F418118B3}.Debug|x86.Build.0 = Debug|Any CPU
		{870BCA05-69DB-48C2-85A6-F33F418118B3}.Release|Any CPU.ActiveCfg = Release|Any CPU
		{870BCA05-69DB-48C2-85A6-F33F418118B3}.Release|Any CPU.Build.0 = Release|Any CPU
		{870BCA05-69DB-48C2-85A6-F33F418118B3}.Release|x64.ActiveCfg = Release|Any CPU
		{870BCA05-69DB-48C2-85A6-F33F418118B3}.Release|x64.Build.0 = Release|Any CPU
		{870BCA05-69DB-48C2-85A6-F33F418118B3}.Release|x86.ActiveCfg = Release|Any CPU
		{870BCA05-69DB-48C2-85A6-F33F418118B3}.Release|x86.Build.0 = Release|Any CPU
	EndGlobalSection
	GlobalSection(NestedProjects) = preSolution
		{8767BBD6-112B-43C2-88B5-19E2B8216D87} = {3D34104C-B19A-4B5C-AB8C-10EFAE5E720F}
		{870BCA05-69DB-48C2-85A6-F33F418118B3} = {A2C02756-87F4-4BFB-A62C-918AE45E6866}
	EndGlobalSection
EndGlobal
